
Microsoft Visual Studio Solution File, Format Version 12.00
# Visual Studio Version 17
VisualStudioVersion = 17.6.33829.357
MinimumVisualStudioVersion = 10.0.40219.1
Project("{9A19103F-16F7-4668-BE54-9A1E7A4F7556}") = "BookFriends", "BookFriends\BookFriends.csproj", "{C4701905-5EF8-4657-8B22-A3CAC114C88B}"
EndProject
Project("{9A19103F-16F7-4668-BE54-9A1E7A4F7556}") = "BookFriendsDataAccess", "BookFriendsDataAccess\BookFriendsDataAccess.csproj", "{C6E75408-BB8D-4E21-B2EC-4C424D9B2E98}"
EndProject
Project("{9A19103F-16F7-4668-BE54-9A1E7A4F7556}") = "BookFriendsTest", "BookFriendsTest\BookFriendsTest.csproj", "{C5DBBC72-2856-4B82-81F5-D725750F6F89}"
EndProject
Global
	GlobalSection(SolutionConfigurationPlatforms) = preSolution
		Debug|Any CPU = Debug|Any CPU
		Release|Any CPU = Release|Any CPU
	EndGlobalSection
	GlobalSection(ProjectConfigurationPlatforms) = postSolution
		{C4701905-5EF8-4657-8B22-A3CAC114C88B}.Debug|Any CPU.ActiveCfg = Debug|Any CPU
		{C4701905-5EF8-4657-8B22-A3CAC114C88B}.Debug|Any CPU.Build.0 = Debug|Any CPU
		{C4701905-5EF8-4657-8B22-A3CAC114C88B}.Release|Any CPU.ActiveCfg = Release|Any CPU
		{C4701905-5EF8-4657-8B22-A3CAC114C88B}.Release|Any CPU.Build.0 = Release|Any CPU
		{C6E75408-BB8D-4E21-B2EC-4C424D9B2E98}.Debug|Any CPU.ActiveCfg = Debug|Any CPU
		{C6E75408-BB8D-4E21-B2EC-4C424D9B2E98}.Debug|Any CPU.Build.0 = Debug|Any CPU
		{C6E75408-BB8D-4E21-B2EC-4C424D9B2E98}.Release|Any CPU.ActiveCfg = Release|Any CPU
		{C6E75408-BB8D-4E21-B2EC-4C424D9B2E98}.Release|Any CPU.Build.0 = Release|Any CPU
		{C5DBBC72-2856-4B82-81F5-D725750F6F89}.Debug|Any CPU.ActiveCfg = Debug|Any CPU
		{C5DBBC72-2856-4B82-81F5-D725750F6F89}.Debug|Any CPU.Build.0 = Debug|Any CPU
		{C5DBBC72-2856-4B82-81F5-D725750F6F89}.Release|Any CPU.ActiveCfg = Release|Any CPU
		{C5DBBC72-2856-4B82-81F5-D725750F6F89}.Release|Any CPU.Build.0 = Release|Any CPU
	EndGlobalSection
	GlobalSection(SolutionProperties) = preSolution
		HideSolutionNode = FALSE
	EndGlobalSection
	GlobalSection(ExtensibilityGlobals) = postSolution
		SolutionGuid = {E097DFE4-343E-4D89-BA4F-9FDB07303FFC}
	EndGlobalSection
EndGlobal
